
Microsoft Visual Studio Solution File, Format Version 12.00
# Visual Studio 14
VisualStudioVersion = 14.0.25420.1
MinimumVisualStudioVersion = 10.0.40219.1
Project("{FAE04EC0-301F-11D3-BF4B-00C04F79EFBC}") = "UI", "UI\UI.csproj", "{C80314C4-8C49-4957-9EFC-8B84CCC53E66}"
EndProject
Project("{2150E333-8FDC-42A3-9474-1A3956D46DE8}") = "1.Presentation", "1.Presentation", "{906708E5-C4C2-462E-98CE-59A84094CD29}"
EndProject
Project("{2150E333-8FDC-42A3-9474-1A3956D46DE8}") = "2.Services", "2.Services", "{5B028917-D083-4EAD-AE1A-A172390060F1}"
EndProject
Project("{2150E333-8FDC-42A3-9474-1A3956D46DE8}") = "3.DataAccess", "3.DataAccess", "{1C120694-8CFB-46A0-BFB9-62838980F6A9}"
EndProject
Project("{2150E333-8FDC-42A3-9474-1A3956D46DE8}") = "4.Domain", "4.Domain", "{55C55FBC-4A00-474D-91D1-3485A16C4916}"
EndProject
Project("{2150E333-8FDC-42A3-9474-1A3956D46DE8}") = "5.Infraestructure", "5.Infraestructure", "{D1676330-B736-459A-90AE-75A0B2395FAA}"
EndProject
Project("{FAE04EC0-301F-11D3-BF4B-00C04F79EFBC}") = "API", "API\API.csproj", "{B0CCC448-4BF6-4730-9CB7-3F587F1BB3B7}"
EndProject
Project("{FAE04EC0-301F-11D3-BF4B-00C04F79EFBC}") = "BLL", "BLL\BLL.csproj", "{6D0AA251-0785-4C88-81D3-EE4FA7429A4A}"
EndProject
Project("{FAE04EC0-301F-11D3-BF4B-00C04F79EFBC}") = "DAL", "DAL\DAL.csproj", "{CD4BE50D-C21C-4BF0-92AF-3492858D13DF}"
EndProject
Project("{FAE04EC0-301F-11D3-BF4B-00C04F79EFBC}") = "MODEL", "MODEL\MODEL.csproj", "{68149B20-479D-4998-AC6E-5348FCA90D56}"
EndProject
Project("{FAE04EC0-301F-11D3-BF4B-00C04F79EFBC}") = "INFRA", "INFRA\INFRA.csproj", "{805BC2BD-5E1A-480D-858A-91F2E0AFA3FB}"
EndProject
Project("{FAE04EC0-301F-11D3-BF4B-00C04F79EFBC}") = "IBLL", "IBLL\IBLL.csproj", "{B30F6FFA-B51F-46B5-960E-AE5A731565BD}"
EndProject
Project("{FAE04EC0-301F-11D3-BF4B-00C04F79EFBC}") = "IDAL", "IDAL\IDAL.csproj", "{2ADE0148-E1C3-4BF6-85B3-E22CC4B31D12}"
EndProject
Global
	GlobalSection(SolutionConfigurationPlatforms) = preSolution
		Debug|Any CPU = Debug|Any CPU
		Release|Any CPU = Release|Any CPU
	EndGlobalSection
	GlobalSection(ProjectConfigurationPlatforms) = postSolution
		{C80314C4-8C49-4957-9EFC-8B84CCC53E66}.Debug|Any CPU.ActiveCfg = Debug|Any CPU
		{C80314C4-8C49-4957-9EFC-8B84CCC53E66}.Debug|Any CPU.Build.0 = Debug|Any CPU
		{C80314C4-8C49-4957-9EFC-8B84CCC53E66}.Release|Any CPU.ActiveCfg = Release|Any CPU
		{C80314C4-8C49-4957-9EFC-8B84CCC53E66}.Release|Any CPU.Build.0 = Release|Any CPU
		{B0CCC448-4BF6-4730-9CB7-3F587F1BB3B7}.Debug|Any CPU.ActiveCfg = Debug|Any CPU
		{B0CCC448-4BF6-4730-9CB7-3F587F1BB3B7}.Debug|Any CPU.Build.0 = Debug|Any CPU
		{B0CCC448-4BF6-4730-9CB7-3F587F1BB3B7}.Release|Any CPU.ActiveCfg = Release|Any CPU
		{B0CCC448-4BF6-4730-9CB7-3F587F1BB3B7}.Release|Any CPU.Build.0 = Release|Any CPU
		{6D0AA251-0785-4C88-81D3-EE4FA7429A4A}.Debug|Any CPU.ActiveCfg = Debug|Any CPU
		{6D0AA251-0785-4C88-81D3-EE4FA7429A4A}.Debug|Any CPU.Build.0 = Debug|Any CPU
		{6D0AA251-0785-4C88-81D3-EE4FA7429A4A}.Release|Any CPU.ActiveCfg = Release|Any CPU
		{6D0AA251-0785-4C88-81D3-EE4FA7429A4A}.Release|Any CPU.Build.0 = Release|Any CPU
		{CD4BE50D-C21C-4BF0-92AF-3492858D13DF}.Debug|Any CPU.ActiveCfg = Debug|Any CPU
		{CD4BE50D-C21C-4BF0-92AF-3492858D13DF}.Debug|Any CPU.Build.0 = Debug|Any CPU
		{CD4BE50D-C21C-4BF0-92AF-3492858D13DF}.Release|Any CPU.ActiveCfg = Release|Any CPU
		{CD4BE50D-C21C-4BF0-92AF-3492858D13DF}.Release|Any CPU.Build.0 = Release|Any CPU
		{68149B20-479D-4998-AC6E-5348FCA90D56}.Debug|Any CPU.ActiveCfg = Debug|Any CPU
		{68149B20-479D-4998-AC6E-5348FCA90D56}.Debug|Any CPU.Build.0 = Debug|Any CPU
		{68149B20-479D-4998-AC6E-5348FCA90D56}.Release|Any CPU.ActiveCfg = Release|Any CPU
		{68149B20-479D-4998-AC6E-5348FCA90D56}.Release|Any CPU.Build.0 = Release|Any CPU
		{805BC2BD-5E1A-480D-858A-91F2E0AFA3FB}.Debug|Any CPU.ActiveCfg = Debug|Any CPU
		{805BC2BD-5E1A-480D-858A-91F2E0AFA3FB}.Debug|Any CPU.Build.0 = Debug|Any CPU
		{805BC2BD-5E1A-480D-858A-91F2E0AFA3FB}.Release|Any CPU.ActiveCfg = Release|Any CPU
		{805BC2BD-5E1A-480D-858A-91F2E0AFA3FB}.Release|Any CPU.Build.0 = Release|Any CPU
		{B30F6FFA-B51F-46B5-960E-AE5A731565BD}.Debug|Any CPU.ActiveCfg = Debug|Any CPU
		{B30F6FFA-B51F-46B5-960E-AE5A731565BD}.Debug|Any CPU.Build.0 = Debug|Any CPU
		{B30F6FFA-B51F-46B5-960E-AE5A731565BD}.Release|Any CPU.ActiveCfg = Release|Any CPU
		{B30F6FFA-B51F-46B5-960E-AE5A731565BD}.Release|Any CPU.Build.0 = Release|Any CPU
		{2ADE0148-E1C3-4BF6-85B3-E22CC4B31D12}.Debug|Any CPU.ActiveCfg = Debug|Any CPU
		{2ADE0148-E1C3-4BF6-85B3-E22CC4B31D12}.Debug|Any CPU.Build.0 = Debug|Any CPU
		{2ADE0148-E1C3-4BF6-85B3-E22CC4B31D12}.Release|Any CPU.ActiveCfg = Release|Any CPU
		{2ADE0148-E1C3-4BF6-85B3-E22CC4B31D12}.Release|Any CPU.Build.0 = Release|Any CPU
	EndGlobalSection
	GlobalSection(SolutionProperties) = preSolution
		HideSolutionNode = FALSE
	EndGlobalSection
	GlobalSection(NestedProjects) = preSolution
		{C80314C4-8C49-4957-9EFC-8B84CCC53E66} = {906708E5-C4C2-462E-98CE-59A84094CD29}
		{B0CCC448-4BF6-4730-9CB7-3F587F1BB3B7} = {906708E5-C4C2-462E-98CE-59A84094CD29}
		{6D0AA251-0785-4C88-81D3-EE4FA7429A4A} = {5B028917-D083-4EAD-AE1A-A172390060F1}
		{CD4BE50D-C21C-4BF0-92AF-3492858D13DF} = {1C120694-8CFB-46A0-BFB9-62838980F6A9}
		{68149B20-479D-4998-AC6E-5348FCA90D56} = {55C55FBC-4A00-474D-91D1-3485A16C4916}
		{805BC2BD-5E1A-480D-858A-91F2E0AFA3FB} = {D1676330-B736-459A-90AE-75A0B2395FAA}
		{B30F6FFA-B51F-46B5-960E-AE5A731565BD} = {5B028917-D083-4EAD-AE1A-A172390060F1}
		{2ADE0148-E1C3-4BF6-85B3-E22CC4B31D12} = {1C120694-8CFB-46A0-BFB9-62838980F6A9}
	EndGlobalSection
EndGlobal
